
Microsoft Visual Studio Solution File, Format Version 12.00
Project("{FAE04EC0-301F-11D3-BF4B-00C04F79EFBC}") = "EnigmaHub.WebApp", "EnigmaHub.WebApp\EnigmaHub.WebApp.csproj", "{AA28AC76-40B1-4590-AC57-F2D317DF4AF8}"
EndProject
Project("{2150E333-8FDC-42A3-9474-1A3956D46DE8}") = "Core", "Core", "{2D579FBC-3291-4189-8E92-E38B744FEE7E}"
EndProject
Project("{FAE04EC0-301F-11D3-BF4B-00C04F79EFBC}") = "EnigmaHub.Domain", "EnigmaHub.Domain\EnigmaHub.Domain.csproj", "{EB958F0F-C51E-458B-A010-82E17341908C}"
EndProject
Project("{FAE04EC0-301F-11D3-BF4B-00C04F79EFBC}") = "EnigmaHub.Service", "EnigmaHub.Service\EnigmaHub.Service.csproj", "{910298A5-0463-4832-90C0-D6FA7567944C}"
EndProject
Project("{2150E333-8FDC-42A3-9474-1A3956D46DE8}") = "Presentation", "Presentation", "{C4E465F2-0078-4E5D-ADE6-CDD0B233E520}"
EndProject
Project("{FAE04EC0-301F-11D3-BF4B-00C04F79EFBC}") = "EnigmaHubHelper", "EnigmaHubHelper\EnigmaHubHelper.csproj", "{06880924-53E4-4691-95EB-5AEC289EDB5E}"
EndProject
Global
	GlobalSection(SolutionConfigurationPlatforms) = preSolution
		Debug|Any CPU = Debug|Any CPU
		Release|Any CPU = Release|Any CPU
	EndGlobalSection
	GlobalSection(ProjectConfigurationPlatforms) = postSolution
		{AA28AC76-40B1-4590-AC57-F2D317DF4AF8}.Debug|Any CPU.ActiveCfg = Debug|Any CPU
		{AA28AC76-40B1-4590-AC57-F2D317DF4AF8}.Debug|Any CPU.Build.0 = Debug|Any CPU
		{AA28AC76-40B1-4590-AC57-F2D317DF4AF8}.Release|Any CPU.ActiveCfg = Release|Any CPU
		{AA28AC76-40B1-4590-AC57-F2D317DF4AF8}.Release|Any CPU.Build.0 = Release|Any CPU
		{EB958F0F-C51E-458B-A010-82E17341908C}.Debug|Any CPU.ActiveCfg = Debug|Any CPU
		{EB958F0F-C51E-458B-A010-82E17341908C}.Debug|Any CPU.Build.0 = Debug|Any CPU
		{EB958F0F-C51E-458B-A010-82E17341908C}.Release|Any CPU.ActiveCfg = Release|Any CPU
		{EB958F0F-C51E-458B-A010-82E17341908C}.Release|Any CPU.Build.0 = Release|Any CPU
		{910298A5-0463-4832-90C0-D6FA7567944C}.Debug|Any CPU.ActiveCfg = Debug|Any CPU
		{910298A5-0463-4832-90C0-D6FA7567944C}.Debug|Any CPU.Build.0 = Debug|Any CPU
		{910298A5-0463-4832-90C0-D6FA7567944C}.Release|Any CPU.ActiveCfg = Release|Any CPU
		{910298A5-0463-4832-90C0-D6FA7567944C}.Release|Any CPU.Build.0 = Release|Any CPU
		{06880924-53E4-4691-95EB-5AEC289EDB5E}.Debug|Any CPU.ActiveCfg = Debug|Any CPU
		{06880924-53E4-4691-95EB-5AEC289EDB5E}.Debug|Any CPU.Build.0 = Debug|Any CPU
		{06880924-53E4-4691-95EB-5AEC289EDB5E}.Release|Any CPU.ActiveCfg = Release|Any CPU
		{06880924-53E4-4691-95EB-5AEC289EDB5E}.Release|Any CPU.Build.0 = Release|Any CPU
	EndGlobalSection
	GlobalSection(NestedProjects) = preSolution
		{EB958F0F-C51E-458B-A010-82E17341908C} = {2D579FBC-3291-4189-8E92-E38B744FEE7E}
		{910298A5-0463-4832-90C0-D6FA7567944C} = {2D579FBC-3291-4189-8E92-E38B744FEE7E}
		{06880924-53E4-4691-95EB-5AEC289EDB5E} = {C4E465F2-0078-4E5D-ADE6-CDD0B233E520}
	EndGlobalSection
EndGlobal
